
Microsoft Visual Studio Solution File, Format Version 12.00
# Visual Studio Version 16
VisualStudioVersion = 16.0.31129.286
MinimumVisualStudioVersion = 10.0.40219.1
Project("{FAE04EC0-301F-11D3-BF4B-00C04F79EFBC}") = "CardPaymentAPI", "CardPaymentAPI.csproj", "{51C11F23-59AE-45F7-BB3D-9A8EC50C4D70}"
EndProject
Global
	GlobalSection(SolutionConfigurationPlatforms) = preSolution
		Debug|Any CPU = Debug|Any CPU
		Release|Any CPU = Release|Any CPU
	EndGlobalSection
	GlobalSection(ProjectConfigurationPlatforms) = postSolution
		{51C11F23-59AE-45F7-BB3D-9A8EC50C4D70}.Debug|Any CPU.ActiveCfg = Debug|Any CPU
		{51C11F23-59AE-45F7-BB3D-9A8EC50C4D70}.Debug|Any CPU.Build.0 = Debug|Any CPU
		{51C11F23-59AE-45F7-BB3D-9A8EC50C4D70}.Release|Any CPU.ActiveCfg = Release|Any CPU
		{51C11F23-59AE-45F7-BB3D-9A8EC50C4D70}.Release|Any CPU.Build.0 = Release|Any CPU
	EndGlobalSection
	GlobalSection(SolutionProperties) = preSolution
		HideSolutionNode = FALSE
	EndGlobalSection
	GlobalSection(ExtensibilityGlobals) = postSolution
		SolutionGuid = {A45DAF09-A769-4E84-95EA-5D4B20A2148A}
	EndGlobalSection
EndGlobal
